
Microsoft Visual Studio Solution File, Format Version 12.00
# Visual Studio 15
VisualStudioVersion = 15.0.27004.2006
MinimumVisualStudioVersion = 10.0.40219.1
Project("{D2ABAB84-BF74-430A-B69E-9DC6D40DDA17}") = "SnowflakeTest", "SnowflakeTest.dwproj", "{05EA2185-FC1F-4DEA-94C9-915139D69B73}"
EndProject
Global
	GlobalSection(SolutionConfigurationPlatforms) = preSolution
		Development|Default = Development|Default
	EndGlobalSection
	GlobalSection(ProjectConfigurationPlatforms) = postSolution
		{05EA2185-FC1F-4DEA-94C9-915139D69B73}.Development|Default.ActiveCfg = Development
		{05EA2185-FC1F-4DEA-94C9-915139D69B73}.Development|Default.Build.0 = Development
		{05EA2185-FC1F-4DEA-94C9-915139D69B73}.Development|Default.Deploy.0 = Development
	EndGlobalSection
	GlobalSection(SolutionProperties) = preSolution
		HideSolutionNode = FALSE
	EndGlobalSection
	GlobalSection(ExtensibilityGlobals) = postSolution
		SolutionGuid = {DFEF4B25-0D85-4C59-ACD8-3A16B10B1F47}
	EndGlobalSection
EndGlobal
