
Microsoft Visual Studio Solution File, Format Version 12.00
# Visual Studio 15
VisualStudioVersion = 15.0.27004.2006
MinimumVisualStudioVersion = 10.0.40219.1
Project("{159641D6-6404-4A2A-AE62-294DE0FE8301}") = "SSIS-IR", "SSIS-IR.dtproj", "{73695C21-FB27-443C-B12C-F011F934C543}"
EndProject
Global
	GlobalSection(SolutionConfigurationPlatforms) = preSolution
		Development|Default = Development|Default
	EndGlobalSection
	GlobalSection(ProjectConfigurationPlatforms) = postSolution
		{73695C21-FB27-443C-B12C-F011F934C543}.Development|Default.ActiveCfg = Development
		{73695C21-FB27-443C-B12C-F011F934C543}.Development|Default.Build.0 = Development
	EndGlobalSection
	GlobalSection(SolutionProperties) = preSolution
		HideSolutionNode = FALSE
	EndGlobalSection
	GlobalSection(ExtensibilityGlobals) = postSolution
		SolutionGuid = {C79807F7-461B-4C09-8B77-2A3163909A86}
	EndGlobalSection
EndGlobal
